
Microsoft Visual Studio Solution File, Format Version 12.00
# Visual Studio 2012
Project("{FAE04EC0-301F-11D3-BF4B-00C04F79EFBC}") = "DataAccess", "DataAccess\DataAccess.csproj", "{FBDD8852-7AD9-4E58-BEF6-40D44B5B3DB9}"
EndProject
Project("{FAE04EC0-301F-11D3-BF4B-00C04F79EFBC}") = "ProjectPublish", "ProjectPublish\ProjectPublish.csproj", "{0CD9D8AA-A977-406C-B9E0-4078061B5691}"
EndProject
Global
	GlobalSection(SolutionConfigurationPlatforms) = preSolution
		Debug|Any CPU = Debug|Any CPU
		Release|Any CPU = Release|Any CPU
	EndGlobalSection
	GlobalSection(ProjectConfigurationPlatforms) = postSolution
		{FBDD8852-7AD9-4E58-BEF6-40D44B5B3DB9}.Debug|Any CPU.ActiveCfg = Debug|Any CPU
		{FBDD8852-7AD9-4E58-BEF6-40D44B5B3DB9}.Debug|Any CPU.Build.0 = Debug|Any CPU
		{FBDD8852-7AD9-4E58-BEF6-40D44B5B3DB9}.Release|Any CPU.ActiveCfg = Release|Any CPU
		{FBDD8852-7AD9-4E58-BEF6-40D44B5B3DB9}.Release|Any CPU.Build.0 = Release|Any CPU
		{0CD9D8AA-A977-406C-B9E0-4078061B5691}.Debug|Any CPU.ActiveCfg = Debug|Any CPU
		{0CD9D8AA-A977-406C-B9E0-4078061B5691}.Debug|Any CPU.Build.0 = Debug|Any CPU
		{0CD9D8AA-A977-406C-B9E0-4078061B5691}.Release|Any CPU.ActiveCfg = Release|Any CPU
		{0CD9D8AA-A977-406C-B9E0-4078061B5691}.Release|Any CPU.Build.0 = Release|Any CPU
	EndGlobalSection
	GlobalSection(SolutionProperties) = preSolution
		HideSolutionNode = FALSE
	EndGlobalSection
EndGlobal
